
Microsoft Visual Studio Solution File, Format Version 12.00
# Visual Studio Version 16
VisualStudioVersion = 16.0.30011.22
MinimumVisualStudioVersion = 10.0.40219.1
Project("{2150E333-8FDC-42A3-9474-1A3956D46DE8}") = "Libraries", "Libraries", "{77F111DA-C9CA-47C8-8632-A62AF8C27B8D}"
EndProject
Project("{2150E333-8FDC-42A3-9474-1A3956D46DE8}") = "Tests", "Tests", "{94ECDBC2-C0D1-4067-A209-A548BD3B39D1}"
EndProject
Project("{2150E333-8FDC-42A3-9474-1A3956D46DE8}") = "Tools", "Tools", "{24ECDBC2-C0D1-4067-A209-A548BD3B39D1}"
EndProject
Project("{9A19103F-16F7-4668-BE54-9A1E7A4F7556}") = "Iciclecreek.AdaptiveExpressions.Humanizer", "Libraries\Iciclecreek.AdaptiveExpressions.Humanizer\Iciclecreek.AdaptiveExpressions.Humanizer.csproj", "{FB2FD234-358E-426A-8B98-29B100D73B24}"
EndProject
Project("{9A19103F-16F7-4668-BE54-9A1E7A4F7556}") = "Iciclecreek.AdaptiveExpressions.Javascript", "Libraries\Iciclecreek.AdaptiveExpressions.Javascript\Iciclecreek.AdaptiveExpressions.Javascript.csproj", "{E19904E1-0447-46D8-937A-64C4F2002216}"
EndProject
Project("{9A19103F-16F7-4668-BE54-9A1E7A4F7556}") = "Iciclecreek.AdaptiveExpressions.Tests", "Tests\Iciclecreek.AdaptiveExpressions.Tests\Iciclecreek.AdaptiveExpressions.Tests.csproj", "{63D6C045-E1AF-4EA6-92AF-3359636950C2}"
EndProject
Project("{2150E333-8FDC-42A3-9474-1A3956D46DE8}") = "Solution Items", "Solution Items", "{4808A2A0-ED3F-40BC-8870-1DD50ACB6943}"
	ProjectSection(SolutionItems) = preProject
		.editorconfig = .editorconfig
		..\README.md = ..\README.md
	EndProjectSection
EndProject
Project("{9A19103F-16F7-4668-BE54-9A1E7A4F7556}") = "Iciclecreek.Bot.Builder.Dialogs.Database.SqlClient", "libraries\Iciclecreek.Bot.Builder.Dialogs.Database.SqlClient\Iciclecreek.Bot.Builder.Dialogs.Database.SqlClient.csproj", "{491A6FB0-4138-441A-8C4C-4BA8522FDDC6}"
EndProject
Project("{9A19103F-16F7-4668-BE54-9A1E7A4F7556}") = "Iciclecreek.Bot.Builder.Dialogs.Database.Tests", "tests\Iciclecreek.Bot.Builder.Dialogs.Database.Tests\Iciclecreek.Bot.Builder.Dialogs.Database.Tests.csproj", "{F7F3F8BC-A95F-48AD-AB77-50D68EBC7B10}"
EndProject
Project("{9A19103F-16F7-4668-BE54-9A1E7A4F7556}") = "Iciclecreek.Bot.Builder.Dialogs.Database.Cosmos", "Libraries\Iciclecreek.Bot.Builder.Dialogs.Database.Cosmos\Iciclecreek.Bot.Builder.Dialogs.Database.Cosmos.csproj", "{30C88B60-EC6E-4A4C-9F3E-38A5437BDBA7}"
EndProject
Project("{9A19103F-16F7-4668-BE54-9A1E7A4F7556}") = "Iciclecreek.Bot.Builder.Dialogs.Database.AzureStorage", "libraries\Iciclecreek.Bot.Builder.Dialogs.Database.AzureStorage\Iciclecreek.Bot.Builder.Dialogs.Database.AzureStorage.csproj", "{78CF539F-356C-464D-BAD3-F1F73560772E}"
EndProject
Project("{9A19103F-16F7-4668-BE54-9A1E7A4F7556}") = "ComponentSchema", "Tools\ComponentSchema\ComponentSchema.csproj", "{58EF5AA7-95F1-441E-9552-F94B140F9735}"
EndProject
Project("{9A19103F-16F7-4668-BE54-9A1E7A4F7556}") = "Iciclecreek.Bot.Builder.Dialogs.Annotations", "Libraries\Iciclecreek.Bot.Builder.Dialogs.Annotations\Iciclecreek.Bot.Builder.Dialogs.Annotations.csproj", "{EDD7733F-65F5-4014-8A51-130FBBF685F9}"
EndProject
Project("{9A19103F-16F7-4668-BE54-9A1E7A4F7556}") = "Iciclecreek.Bot.Builder.Dialogs.Annotations.Tests", "Tests\Iciclecreek.Bot.Builder.Dialogs.Annotations.Tests\Iciclecreek.Bot.Builder.Dialogs.Annotations.Tests.csproj", "{3D66AEE5-CCF7-4C58-A40C-AC0E3811B7B9}"
EndProject
Project("{2150E333-8FDC-42A3-9474-1A3956D46DE8}") = "Templates", "Templates", "{168833C1-F20E-4CDD-A145-4F256C9DE1F7}"
EndProject
Project("{9A19103F-16F7-4668-BE54-9A1E7A4F7556}") = "BotComponentLibrary", "Tools\Templates\BotComponentLibrary\BotComponentLibrary.csproj", "{EE2F750B-CE82-4E54-AF01-955B611F02FF}"
EndProject
Project("{9A19103F-16F7-4668-BE54-9A1E7A4F7556}") = "Iciclecreek.AdaptiveExpressions.Python", "Libraries\Iciclecreek.AdaptiveExpressions.Python\Iciclecreek.AdaptiveExpressions.Python.csproj", "{51F3FD0D-14FA-4340-93DB-3BE20A5BF437}"
EndProject
Project("{9A19103F-16F7-4668-BE54-9A1E7A4F7556}") = "Iciclecreek.Bot.Builder.Dialogs.Recognizers", "Libraries\Iciclecreek.Bot.Builder.Dialogs.Recognizers\Iciclecreek.Bot.Builder.Dialogs.Recognizers.csproj", "{FB09C309-A33D-4B27-93CC-344FDDA150CF}"
EndProject
Project("{9A19103F-16F7-4668-BE54-9A1E7A4F7556}") = "Iciclecreek.Bot.Builder.Dialogs.Recognizers.Tests", "tests\Iciclecreek.Bot.Builder.Dialogs.Recognizers.Tests\Iciclecreek.Bot.Builder.Dialogs.Recognizers.Tests.csproj", "{392FD2FC-C2F9-452A-99D3-5C8CC87EEB5F}"
EndProject
Project("{9A19103F-16F7-4668-BE54-9A1E7A4F7556}") = "QLuBuild", "Tools\QLuBuild\QLuBuild.csproj", "{41E91B05-679C-4ABD-B2D6-5790BB2DD061}"
EndProject
Project("{9A19103F-16F7-4668-BE54-9A1E7A4F7556}") = "Iciclecreek.Bot.Builder.Dialogs.Recognizers.QLucene", "Libraries\Iciclecreek.Bot.Builder.Dialogs.Recognizers.QLucene\Iciclecreek.Bot.Builder.Dialogs.Recognizers.QLucene.csproj", "{0B4C4CAD-E20D-48FD-A390-93C310477362}"
EndProject
Project("{9A19103F-16F7-4668-BE54-9A1E7A4F7556}") = "Iciclecreek.Bot.Builder.Dialogs.Adaptive.GitHub", "libraries\Iciclecreek.Bot.Builder.Dialogs.Adaptive.GitHub\Iciclecreek.Bot.Builder.Dialogs.Adaptive.GitHub.csproj", "{35034768-2B80-4FBB-AE1D-890A009E01A7}"
EndProject
Project("{9A19103F-16F7-4668-BE54-9A1E7A4F7556}") = "Iciclecreek.Bot.Builder.Dialogs.Adaptive.Github.Tests", "Tests\Iciclecreek.Bot.Builder.Dialogs.Adaptive.Github.Tests\Iciclecreek.Bot.Builder.Dialogs.Adaptive.Github.Tests.csproj", "{35B4313A-2C80-4831-80EE-F5F21C27CCC4}"
EndProject
Project("{2150E333-8FDC-42A3-9474-1A3956D46DE8}") = "Bots", "Bots", "{69BDBCF0-EBF9-404D-8187-109F8142251E}"
EndProject
Project("{9A19103F-16F7-4668-BE54-9A1E7A4F7556}") = "RepoBot", "Bots\RepoBot\RepoBot.csproj", "{BA948957-71F8-4A46-B6C5-B56C11BF1367}"
EndProject
Project("{9A19103F-16F7-4668-BE54-9A1E7A4F7556}") = "Iciclecreek.Bot.Builder.Dialogs.Recognizers.Luce", "Libraries\Iciclecreek.Bot.Builder.Dialogs.Recognizers.Luce\Iciclecreek.Bot.Builder.Dialogs.Recognizers.Luce.csproj", "{39AA4C94-D224-42F1-A40B-1997A24EC61B}"
EndProject
Project("{9A19103F-16F7-4668-BE54-9A1E7A4F7556}") = "Iciclecreek.Bot.Builder.Dialogs.Recognizers.Luce.Tests", "tests\Iciclecreek.Bot.Builder.Dialogs.Recognizers.Luce.Tests\Iciclecreek.Bot.Builder.Dialogs.Recognizers.Luce.Tests.csproj", "{154F41A4-04E4-4B24-A5DD-5E2ABF1C0543}"
EndProject
Project("{FAE04EC0-301F-11D3-BF4B-00C04F79EFBC}") = "LucePad", "tools\LucePad\LucePad.csproj", "{D473CF28-2CFA-42A4-86BF-33364C25F159}"
EndProject
Global
	GlobalSection(SolutionConfigurationPlatforms) = preSolution
		Debug|Any CPU = Debug|Any CPU
		Release|Any CPU = Release|Any CPU
	EndGlobalSection
	GlobalSection(ProjectConfigurationPlatforms) = postSolution
		{FB2FD234-358E-426A-8B98-29B100D73B24}.Debug|Any CPU.ActiveCfg = Debug|Any CPU
		{FB2FD234-358E-426A-8B98-29B100D73B24}.Debug|Any CPU.Build.0 = Debug|Any CPU
		{FB2FD234-358E-426A-8B98-29B100D73B24}.Release|Any CPU.ActiveCfg = Release|Any CPU
		{FB2FD234-358E-426A-8B98-29B100D73B24}.Release|Any CPU.Build.0 = Release|Any CPU
		{E19904E1-0447-46D8-937A-64C4F2002216}.Debug|Any CPU.ActiveCfg = Debug|Any CPU
		{E19904E1-0447-46D8-937A-64C4F2002216}.Debug|Any CPU.Build.0 = Debug|Any CPU
		{E19904E1-0447-46D8-937A-64C4F2002216}.Release|Any CPU.ActiveCfg = Release|Any CPU
		{E19904E1-0447-46D8-937A-64C4F2002216}.Release|Any CPU.Build.0 = Release|Any CPU
		{63D6C045-E1AF-4EA6-92AF-3359636950C2}.Debug|Any CPU.ActiveCfg = Debug|Any CPU
		{63D6C045-E1AF-4EA6-92AF-3359636950C2}.Debug|Any CPU.Build.0 = Debug|Any CPU
		{63D6C045-E1AF-4EA6-92AF-3359636950C2}.Release|Any CPU.ActiveCfg = Release|Any CPU
		{63D6C045-E1AF-4EA6-92AF-3359636950C2}.Release|Any CPU.Build.0 = Release|Any CPU
		{491A6FB0-4138-441A-8C4C-4BA8522FDDC6}.Debug|Any CPU.ActiveCfg = Debug|Any CPU
		{491A6FB0-4138-441A-8C4C-4BA8522FDDC6}.Debug|Any CPU.Build.0 = Debug|Any CPU
		{491A6FB0-4138-441A-8C4C-4BA8522FDDC6}.Release|Any CPU.ActiveCfg = Release|Any CPU
		{491A6FB0-4138-441A-8C4C-4BA8522FDDC6}.Release|Any CPU.Build.0 = Release|Any CPU
		{F7F3F8BC-A95F-48AD-AB77-50D68EBC7B10}.Debug|Any CPU.ActiveCfg = Debug|Any CPU
		{F7F3F8BC-A95F-48AD-AB77-50D68EBC7B10}.Debug|Any CPU.Build.0 = Debug|Any CPU
		{F7F3F8BC-A95F-48AD-AB77-50D68EBC7B10}.Release|Any CPU.ActiveCfg = Release|Any CPU
		{F7F3F8BC-A95F-48AD-AB77-50D68EBC7B10}.Release|Any CPU.Build.0 = Release|Any CPU
		{30C88B60-EC6E-4A4C-9F3E-38A5437BDBA7}.Debug|Any CPU.ActiveCfg = Debug|Any CPU
		{30C88B60-EC6E-4A4C-9F3E-38A5437BDBA7}.Debug|Any CPU.Build.0 = Debug|Any CPU
		{30C88B60-EC6E-4A4C-9F3E-38A5437BDBA7}.Release|Any CPU.ActiveCfg = Release|Any CPU
		{30C88B60-EC6E-4A4C-9F3E-38A5437BDBA7}.Release|Any CPU.Build.0 = Release|Any CPU
		{78CF539F-356C-464D-BAD3-F1F73560772E}.Debug|Any CPU.ActiveCfg = Debug|Any CPU
		{78CF539F-356C-464D-BAD3-F1F73560772E}.Debug|Any CPU.Build.0 = Debug|Any CPU
		{78CF539F-356C-464D-BAD3-F1F73560772E}.Release|Any CPU.ActiveCfg = Release|Any CPU
		{78CF539F-356C-464D-BAD3-F1F73560772E}.Release|Any CPU.Build.0 = Release|Any CPU
		{58EF5AA7-95F1-441E-9552-F94B140F9735}.Debug|Any CPU.ActiveCfg = Debug|Any CPU
		{58EF5AA7-95F1-441E-9552-F94B140F9735}.Debug|Any CPU.Build.0 = Debug|Any CPU
		{58EF5AA7-95F1-441E-9552-F94B140F9735}.Release|Any CPU.ActiveCfg = Release|Any CPU
		{58EF5AA7-95F1-441E-9552-F94B140F9735}.Release|Any CPU.Build.0 = Release|Any CPU
		{EDD7733F-65F5-4014-8A51-130FBBF685F9}.Debug|Any CPU.ActiveCfg = Debug|Any CPU
		{EDD7733F-65F5-4014-8A51-130FBBF685F9}.Debug|Any CPU.Build.0 = Debug|Any CPU
		{EDD7733F-65F5-4014-8A51-130FBBF685F9}.Release|Any CPU.ActiveCfg = Release|Any CPU
		{EDD7733F-65F5-4014-8A51-130FBBF685F9}.Release|Any CPU.Build.0 = Release|Any CPU
		{3D66AEE5-CCF7-4C58-A40C-AC0E3811B7B9}.Debug|Any CPU.ActiveCfg = Debug|Any CPU
		{3D66AEE5-CCF7-4C58-A40C-AC0E3811B7B9}.Debug|Any CPU.Build.0 = Debug|Any CPU
		{3D66AEE5-CCF7-4C58-A40C-AC0E3811B7B9}.Release|Any CPU.ActiveCfg = Release|Any CPU
		{3D66AEE5-CCF7-4C58-A40C-AC0E3811B7B9}.Release|Any CPU.Build.0 = Release|Any CPU
		{EE2F750B-CE82-4E54-AF01-955B611F02FF}.Debug|Any CPU.ActiveCfg = Debug|Any CPU
		{EE2F750B-CE82-4E54-AF01-955B611F02FF}.Debug|Any CPU.Build.0 = Debug|Any CPU
		{EE2F750B-CE82-4E54-AF01-955B611F02FF}.Release|Any CPU.ActiveCfg = Release|Any CPU
		{EE2F750B-CE82-4E54-AF01-955B611F02FF}.Release|Any CPU.Build.0 = Release|Any CPU
		{51F3FD0D-14FA-4340-93DB-3BE20A5BF437}.Debug|Any CPU.ActiveCfg = Debug|Any CPU
		{51F3FD0D-14FA-4340-93DB-3BE20A5BF437}.Debug|Any CPU.Build.0 = Debug|Any CPU
		{51F3FD0D-14FA-4340-93DB-3BE20A5BF437}.Release|Any CPU.ActiveCfg = Release|Any CPU
		{51F3FD0D-14FA-4340-93DB-3BE20A5BF437}.Release|Any CPU.Build.0 = Release|Any CPU
		{FB09C309-A33D-4B27-93CC-344FDDA150CF}.Debug|Any CPU.ActiveCfg = Debug|Any CPU
		{FB09C309-A33D-4B27-93CC-344FDDA150CF}.Debug|Any CPU.Build.0 = Debug|Any CPU
		{FB09C309-A33D-4B27-93CC-344FDDA150CF}.Release|Any CPU.ActiveCfg = Release|Any CPU
		{FB09C309-A33D-4B27-93CC-344FDDA150CF}.Release|Any CPU.Build.0 = Release|Any CPU
		{392FD2FC-C2F9-452A-99D3-5C8CC87EEB5F}.Debug|Any CPU.ActiveCfg = Debug|Any CPU
		{392FD2FC-C2F9-452A-99D3-5C8CC87EEB5F}.Debug|Any CPU.Build.0 = Debug|Any CPU
		{392FD2FC-C2F9-452A-99D3-5C8CC87EEB5F}.Release|Any CPU.ActiveCfg = Release|Any CPU
		{392FD2FC-C2F9-452A-99D3-5C8CC87EEB5F}.Release|Any CPU.Build.0 = Release|Any CPU
		{41E91B05-679C-4ABD-B2D6-5790BB2DD061}.Debug|Any CPU.ActiveCfg = Debug|Any CPU
		{41E91B05-679C-4ABD-B2D6-5790BB2DD061}.Debug|Any CPU.Build.0 = Debug|Any CPU
		{41E91B05-679C-4ABD-B2D6-5790BB2DD061}.Release|Any CPU.ActiveCfg = Release|Any CPU
		{41E91B05-679C-4ABD-B2D6-5790BB2DD061}.Release|Any CPU.Build.0 = Release|Any CPU
		{0B4C4CAD-E20D-48FD-A390-93C310477362}.Debug|Any CPU.ActiveCfg = Debug|Any CPU
		{0B4C4CAD-E20D-48FD-A390-93C310477362}.Debug|Any CPU.Build.0 = Debug|Any CPU
		{0B4C4CAD-E20D-48FD-A390-93C310477362}.Release|Any CPU.ActiveCfg = Release|Any CPU
		{0B4C4CAD-E20D-48FD-A390-93C310477362}.Release|Any CPU.Build.0 = Release|Any CPU
		{35034768-2B80-4FBB-AE1D-890A009E01A7}.Debug|Any CPU.ActiveCfg = Debug|Any CPU
		{35034768-2B80-4FBB-AE1D-890A009E01A7}.Debug|Any CPU.Build.0 = Debug|Any CPU
		{35034768-2B80-4FBB-AE1D-890A009E01A7}.Release|Any CPU.ActiveCfg = Release|Any CPU
		{35034768-2B80-4FBB-AE1D-890A009E01A7}.Release|Any CPU.Build.0 = Release|Any CPU
		{35B4313A-2C80-4831-80EE-F5F21C27CCC4}.Debug|Any CPU.ActiveCfg = Debug|Any CPU
		{35B4313A-2C80-4831-80EE-F5F21C27CCC4}.Debug|Any CPU.Build.0 = Debug|Any CPU
		{35B4313A-2C80-4831-80EE-F5F21C27CCC4}.Release|Any CPU.ActiveCfg = Release|Any CPU
		{35B4313A-2C80-4831-80EE-F5F21C27CCC4}.Release|Any CPU.Build.0 = Release|Any CPU
		{BA948957-71F8-4A46-B6C5-B56C11BF1367}.Debug|Any CPU.ActiveCfg = Debug|Any CPU
		{BA948957-71F8-4A46-B6C5-B56C11BF1367}.Debug|Any CPU.Build.0 = Debug|Any CPU
		{BA948957-71F8-4A46-B6C5-B56C11BF1367}.Release|Any CPU.ActiveCfg = Release|Any CPU
		{BA948957-71F8-4A46-B6C5-B56C11BF1367}.Release|Any CPU.Build.0 = Release|Any CPU
		{39AA4C94-D224-42F1-A40B-1997A24EC61B}.Debug|Any CPU.ActiveCfg = Debug|Any CPU
		{39AA4C94-D224-42F1-A40B-1997A24EC61B}.Debug|Any CPU.Build.0 = Debug|Any CPU
		{39AA4C94-D224-42F1-A40B-1997A24EC61B}.Release|Any CPU.ActiveCfg = Release|Any CPU
		{39AA4C94-D224-42F1-A40B-1997A24EC61B}.Release|Any CPU.Build.0 = Release|Any CPU
		{154F41A4-04E4-4B24-A5DD-5E2ABF1C0543}.Debug|Any CPU.ActiveCfg = Debug|Any CPU
		{154F41A4-04E4-4B24-A5DD-5E2ABF1C0543}.Debug|Any CPU.Build.0 = Debug|Any CPU
		{154F41A4-04E4-4B24-A5DD-5E2ABF1C0543}.Release|Any CPU.ActiveCfg = Release|Any CPU
		{154F41A4-04E4-4B24-A5DD-5E2ABF1C0543}.Release|Any CPU.Build.0 = Release|Any CPU
		{D473CF28-2CFA-42A4-86BF-33364C25F159}.Debug|Any CPU.ActiveCfg = Debug|Any CPU
		{D473CF28-2CFA-42A4-86BF-33364C25F159}.Debug|Any CPU.Build.0 = Debug|Any CPU
		{D473CF28-2CFA-42A4-86BF-33364C25F159}.Release|Any CPU.ActiveCfg = Release|Any CPU
		{D473CF28-2CFA-42A4-86BF-33364C25F159}.Release|Any CPU.Build.0 = Release|Any CPU
	EndGlobalSection
	GlobalSection(SolutionProperties) = preSolution
		HideSolutionNode = FALSE
	EndGlobalSection
	GlobalSection(NestedProjects) = preSolution
		{FB2FD234-358E-426A-8B98-29B100D73B24} = {77F111DA-C9CA-47C8-8632-A62AF8C27B8D}
		{E19904E1-0447-46D8-937A-64C4F2002216} = {77F111DA-C9CA-47C8-8632-A62AF8C27B8D}
		{63D6C045-E1AF-4EA6-92AF-3359636950C2} = {94ECDBC2-C0D1-4067-A209-A548BD3B39D1}
		{491A6FB0-4138-441A-8C4C-4BA8522FDDC6} = {77F111DA-C9CA-47C8-8632-A62AF8C27B8D}
		{F7F3F8BC-A95F-48AD-AB77-50D68EBC7B10} = {94ECDBC2-C0D1-4067-A209-A548BD3B39D1}
		{30C88B60-EC6E-4A4C-9F3E-38A5437BDBA7} = {77F111DA-C9CA-47C8-8632-A62AF8C27B8D}
		{78CF539F-356C-464D-BAD3-F1F73560772E} = {77F111DA-C9CA-47C8-8632-A62AF8C27B8D}
		{58EF5AA7-95F1-441E-9552-F94B140F9735} = {24ECDBC2-C0D1-4067-A209-A548BD3B39D1}
		{EDD7733F-65F5-4014-8A51-130FBBF685F9} = {77F111DA-C9CA-47C8-8632-A62AF8C27B8D}
		{3D66AEE5-CCF7-4C58-A40C-AC0E3811B7B9} = {94ECDBC2-C0D1-4067-A209-A548BD3B39D1}
		{168833C1-F20E-4CDD-A145-4F256C9DE1F7} = {24ECDBC2-C0D1-4067-A209-A548BD3B39D1}
		{EE2F750B-CE82-4E54-AF01-955B611F02FF} = {168833C1-F20E-4CDD-A145-4F256C9DE1F7}
		{51F3FD0D-14FA-4340-93DB-3BE20A5BF437} = {77F111DA-C9CA-47C8-8632-A62AF8C27B8D}
		{FB09C309-A33D-4B27-93CC-344FDDA150CF} = {77F111DA-C9CA-47C8-8632-A62AF8C27B8D}
		{392FD2FC-C2F9-452A-99D3-5C8CC87EEB5F} = {94ECDBC2-C0D1-4067-A209-A548BD3B39D1}
		{41E91B05-679C-4ABD-B2D6-5790BB2DD061} = {24ECDBC2-C0D1-4067-A209-A548BD3B39D1}
		{0B4C4CAD-E20D-48FD-A390-93C310477362} = {77F111DA-C9CA-47C8-8632-A62AF8C27B8D}
		{35034768-2B80-4FBB-AE1D-890A009E01A7} = {77F111DA-C9CA-47C8-8632-A62AF8C27B8D}
		{35B4313A-2C80-4831-80EE-F5F21C27CCC4} = {94ECDBC2-C0D1-4067-A209-A548BD3B39D1}
		{BA948957-71F8-4A46-B6C5-B56C11BF1367} = {69BDBCF0-EBF9-404D-8187-109F8142251E}
		{39AA4C94-D224-42F1-A40B-1997A24EC61B} = {77F111DA-C9CA-47C8-8632-A62AF8C27B8D}
		{154F41A4-04E4-4B24-A5DD-5E2ABF1C0543} = {94ECDBC2-C0D1-4067-A209-A548BD3B39D1}
		{D473CF28-2CFA-42A4-86BF-33364C25F159} = {24ECDBC2-C0D1-4067-A209-A548BD3B39D1}
	EndGlobalSection
	GlobalSection(ExtensibilityGlobals) = postSolution
		SolutionGuid = {9E6BDA9D-98FE-49C6-9593-F0A6C2188A50}
	EndGlobalSection
EndGlobal
